
Microsoft Visual Studio Solution File, Format Version 12.00
# Visual Studio Version 16
VisualStudioVersion = 16.0.31105.61
MinimumVisualStudioVersion = 10.0.40219.1
Project("{FAE04EC0-301F-11D3-BF4B-00C04F79EFBC}") = "TemplateMethodBYT", "TemplateMethodBYT\TemplateMethodBYT.csproj", "{8187F8FE-455A-4D0B-AE2D-A8A7E32DB4BB}"
EndProject
Global
	GlobalSection(SolutionConfigurationPlatforms) = preSolution
		Debug|Any CPU = Debug|Any CPU
		Release|Any CPU = Release|Any CPU
	EndGlobalSection
	GlobalSection(ProjectConfigurationPlatforms) = postSolution
		{8187F8FE-455A-4D0B-AE2D-A8A7E32DB4BB}.Debug|Any CPU.ActiveCfg = Debug|Any CPU
		{8187F8FE-455A-4D0B-AE2D-A8A7E32DB4BB}.Debug|Any CPU.Build.0 = Debug|Any CPU
		{8187F8FE-455A-4D0B-AE2D-A8A7E32DB4BB}.Release|Any CPU.ActiveCfg = Release|Any CPU
		{8187F8FE-455A-4D0B-AE2D-A8A7E32DB4BB}.Release|Any CPU.Build.0 = Release|Any CPU
	EndGlobalSection
	GlobalSection(SolutionProperties) = preSolution
		HideSolutionNode = FALSE
	EndGlobalSection
	GlobalSection(ExtensibilityGlobals) = postSolution
		SolutionGuid = {E4F86B8C-D66F-4BEB-A949-8DB613B3E9E5}
	EndGlobalSection
EndGlobal
